
Microsoft Visual Studio Solution File, Format Version 12.00
# Visual Studio 15
VisualStudioVersion = 15.0.27130.2027
MinimumVisualStudioVersion = 10.0.40219.1
Project("{FAE04EC0-301F-11D3-BF4B-00C04F79EFBC}") = "StorageManager.AzureTables", "StorageManager.AzureTables\StorageManager.AzureTables.csproj", "{A8D874FD-FD0F-4D91-A0C4-2B8EB21D80D3}"
EndProject
Global
	GlobalSection(SolutionConfigurationPlatforms) = preSolution
		Debug|Any CPU = Debug|Any CPU
		Release|Any CPU = Release|Any CPU
	EndGlobalSection
	GlobalSection(ProjectConfigurationPlatforms) = postSolution
		{A8D874FD-FD0F-4D91-A0C4-2B8EB21D80D3}.Debug|Any CPU.ActiveCfg = Debug|Any CPU
		{A8D874FD-FD0F-4D91-A0C4-2B8EB21D80D3}.Debug|Any CPU.Build.0 = Debug|Any CPU
		{A8D874FD-FD0F-4D91-A0C4-2B8EB21D80D3}.Release|Any CPU.ActiveCfg = Release|Any CPU
		{A8D874FD-FD0F-4D91-A0C4-2B8EB21D80D3}.Release|Any CPU.Build.0 = Release|Any CPU
	EndGlobalSection
	GlobalSection(SolutionProperties) = preSolution
		HideSolutionNode = FALSE
	EndGlobalSection
	GlobalSection(ExtensibilityGlobals) = postSolution
		SolutionGuid = {E93C9EDA-1771-4185-805E-E1017BC564AE}
	EndGlobalSection
EndGlobal
